// !$*UTF8*$!
{
	archiveVersion = 1;
	classes = {
	};
	objectVersion = 50;
	objects = {

/* Begin PBXBuildFile section */
		BC10E746265365DC00379F1D /* AppDelegate.swift in Sources */ = {isa = PBXBuildFile; fileRef = BC10E745265365DC00379F1D /* AppDelegate.swift */; };
		BC10E748265365DC00379F1D /* SceneDelegate.swift in Sources */ = {isa = PBXBuildFile; fileRef = BC10E747265365DC00379F1D /* SceneDelegate.swift */; };
		BC10E74A265365DC00379F1D /* ViewController.swift in Sources */ = {isa = PBXBuildFile; fileRef = BC10E749265365DC00379F1D /* ViewController.swift */; };
		BC10E74D265365DC00379F1D /* Main.storyboard in Resources */ = {isa = PBXBuildFile; fileRef = BC10E74B265365DC00379F1D /* Main.storyboard */; };
		BC10E74F265365DD00379F1D /* Assets.xcassets in Resources */ = {isa = PBXBuildFile; fileRef = BC10E74E265365DD00379F1D /* Assets.xcassets */; };
		BC10E752265365DD00379F1D /* LaunchScreen.storyboard in Resources */ = {isa = PBXBuildFile; fileRef = BC10E750265365DD00379F1D /* LaunchScreen.storyboard */; };
		BC305ED82654A14E00A05991 /* ViewController2.swift in Sources */ = {isa = PBXBuildFile; fileRef = BC305ED72654A14E00A05991 /* ViewController2.swift */; };
		BC305EDA2654A15400A05991 /* ViewController3.swift in Sources */ = {isa = PBXBuildFile; fileRef = BC305ED92654A15400A05991 /* ViewController3.swift */; };
		BC305EE22654A52D00A05991 /* calendar.png in Resources */ = {isa = PBXBuildFile; fileRef = BC305EE12654A52D00A05991 /* calendar.png */; };
		BC305EE42654A54600A05991 /* photo.png in Resources */ = {isa = PBXBuildFile; fileRef = BC305EE32654A54600A05991 /* photo.png */; };
		BC305EE62654A54E00A05991 /* twitter@2x.png in Resources */ = {isa = PBXBuildFile; fileRef = BC305EE52654A54E00A05991 /* twitter@2x.png */; };
/* End PBXBuildFile section */

/* Begin PBXFileReference section */
		BC10E742265365DC00379F1D /* custom_TabBar.app */ = {isa = PBXFileReference; explicitFileType = wrapper.application; includeInIndex = 0; path = custom_TabBar.app; sourceTree = BUILT_PRODUCTS_DIR; };
		BC10E745265365DC00379F1D /* AppDelegate.swift */ = {isa = PBXFileReference; lastKnownFileType = sourcecode.swift; path = AppDelegate.swift; sourceTree = "<group>"; };
		BC10E747265365DC00379F1D /* SceneDelegate.swift */ = {isa = PBXFileReference; lastKnownFileType = sourcecode.swift; path = SceneDelegate.swift; sourceTree = "<group>"; };
		BC10E749265365DC00379F1D /* ViewController.swift */ = {isa = PBXFileReference; lastKnownFileType = sourcecode.swift; path = ViewController.swift; sourceTree = "<group>"; };
		BC10E74C265365DC00379F1D /* Base */ = {isa = PBXFileReference; lastKnownFileType = file.storyboard; name = Base; path = Base.lproj/Main.storyboard; sourceTree = "<group>"; };
		BC10E74E265365DD00379F1D /* Assets.xcassets */ = {isa = PBXFileReference; lastKnownFileType = folder.assetcatalog; path = Assets.xcassets; sourceTree = "<group>"; };
		BC10E751265365DD00379F1D /* Base */ = {isa = PBXFileReference; lastKnownFileType = file.storyboard; name = Base; path = Base.lproj/LaunchScreen.storyboard; sourceTree = "<group>"; };
		BC10E753265365DD00379F1D /* Info.plist */ = {isa = PBXFileReference; lastKnownFileType = text.plist.xml; path = Info.plist; sourceTree = "<group>"; };
		BC305ED72654A14E00A05991 /* ViewController2.swift */ = {isa = PBXFileReference; lastKnownFileType = sourcecode.swift; path = ViewController2.swift; sourceTree = "<group>"; };
		BC305ED92654A15400A05991 /* ViewController3.swift */ = {isa = PBXFileReference; lastKnownFileType = sourcecode.swift; path = ViewController3.swift; sourceTree = "<group>"; };
		BC305EE12654A52D00A05991 /* calendar.png */ = {isa = PBXFileReference; lastKnownFileType = image.png; path = calendar.png; sourceTree = "<group>"; };
		BC305EE32654A54600A05991 /* photo.png */ = {isa = PBXFileReference; lastKnownFileType = image.png; path = photo.png; sourceTree = "<group>"; };
		BC305EE52654A54E00A05991 /* twitter@2x.png */ = {isa = PBXFileReference; lastKnownFileType = image.png; path = "twitter@2x.png"; sourceTree = "<group>"; };
/* End PBXFileReference section */

/* Begin PBXFrameworksBuildPhase section */
		BC10E73F265365DC00379F1D /* Frameworks */ = {
			isa = PBXFrameworksBuildPhase;
			buildActionMask = 2147483647;
			files = (
			);
			runOnlyForDeploymentPostprocessing = 0;
		};
/* End PBXFrameworksBuildPhase section */

/* Begin PBXGroup section */
		BC10E739265365DC00379F1D = {
			isa = PBXGroup;
			children = (
				BC10E744265365DC00379F1D /* custom_TabBar */,
				BC10E743265365DC00379F1D /* Products */,
			);
			sourceTree = "<group>";
		};
		BC10E743265365DC00379F1D /* Products */ = {
			isa = PBXGroup;
			children = (
				BC10E742265365DC00379F1D /* custom_TabBar.app */,
			);
			name = Products;
			sourceTree = "<group>";
		};
		BC10E744265365DC00379F1D /* custom_TabBar */ = {
			isa = PBXGroup;
			children = (
				BC10E745265365DC00379F1D /* AppDelegate.swift */,
				BC10E747265365DC00379F1D /* SceneDelegate.swift */,
				BC10E749265365DC00379F1D /* ViewController.swift */,
				BC305ED72654A14E00A05991 /* ViewController2.swift */,
				BC305ED92654A15400A05991 /* ViewController3.swift */,
				BC10E74B265365DC00379F1D /* Main.storyboard */,
				BC10E74E265365DD00379F1D /* Assets.xcassets */,
				BC10E750265365DD00379F1D /* LaunchScreen.storyboard */,
				BC10E753265365DD00379F1D /* Info.plist */,
				BC305EE52654A54E00A05991 /* twitter@2x.png */,
				BC305EE12654A52D00A05991 /* calendar.png */,
				BC305EE32654A54600A05991 /* photo.png */,
			);
			path = custom_TabBar;
			sourceTree = "<group>";
		};
/* End PBXGroup section */

/* Begin PBXNativeTarget section */
		BC10E741265365DC00379F1D /* custom_TabBar */ = {
			isa = PBXNativeTarget;
			buildConfigurationList = BC10E756265365DD00379F1D /* Build configuration list for PBXNativeTarget "custom_TabBar" */;
			buildPhases = (
				BC10E73E265365DC00379F1D /* Sources */,
				BC10E73F265365DC00379F1D /* Frameworks */,
				BC10E740265365DC00379F1D /* Resources */,
			);
			buildRules = (
			);
			dependencies = (
			);
			name = custom_TabBar;
			productName = custom_TabBar;
			productReference = BC10E742265365DC00379F1D /* custom_TabBar.app */;
			productType = "com.apple.product-type.application";
		};
/* End PBXNativeTarget section */

/* Begin PBXProject section */
		BC10E73A265365DC00379F1D /* Project object */ = {
			isa = PBXProject;
			attributes = {
				LastSwiftUpdateCheck = 1250;
				LastUpgradeCheck = 1250;
				TargetAttributes = {
					BC10E741265365DC00379F1D = {
						CreatedOnToolsVersion = 12.5;
					};
				};
			};
			buildConfigurationList = BC10E73D265365DC00379F1D /* Build configuration list for PBXProject "custom_TabBar" */;
			compatibilityVersion = "Xcode 9.3";
			developmentRegion = en;
			hasScannedForEncodings = 0;
			knownRegions = (
				en,
				Base,
			);
			mainGroup = BC10E739265365DC00379F1D;
			productRefGroup = BC10E743265365DC00379F1D /* Products */;
			projectDirPath = "";
			projectRoot = "";
			targets = (
				BC10E741265365DC00379F1D /* custom_TabBar */,
			);
		};
/* End PBXProject section */

/* Begin PBXResourcesBuildPhase section */
		BC10E740265365DC00379F1D /* Resources */ = {
			isa = PBXResourcesBuildPhase;
			buildActionMask = 2147483647;
			files = (
				BC10E752265365DD00379F1D /* LaunchScreen.storyboard in Resources */,
				BC305EE22654A52D00A05991 /* calendar.png in Resources */,
				BC305EE62654A54E00A05991 /* twitter@2x.png in Resources */,
				BC305EE42654A54600A05991 /* photo.png in Resources */,
				BC10E74F265365DD00379F1D /* Assets.xcassets in Resources */,
				BC10E74D265365DC00379F1D /* Main.storyboard in Resources */,
			);
			runOnlyForDeploymentPostprocessing = 0;
		};
/* End PBXResourcesBuildPhase section */

/* Begin PBXSourcesBuildPhase section */
		BC10E73E265365DC00379F1D /* Sources */ = {
			isa = PBXSourcesBuildPhase;
			buildActionMask = 2147483647;
			files = (
				BC305EDA2654A15400A05991 /* ViewController3.swift in Sources */,
				BC10E74A265365DC00379F1D /* ViewController.swift in Sources */,
				BC305ED82654A14E00A05991 /* ViewController2.swift in Sources */,
				BC10E746265365DC00379F1D /* AppDelegate.swift in Sources */,
				BC10E748265365DC00379F1D /* SceneDelegate.swift in Sources */,
			);
			runOnlyForDeploymentPostprocessing = 0;
		};
/* End PBXSourcesBuildPhase section */

/* Begin PBXVariantGroup section */
		BC10E74B265365DC00379F1D /* Main.storyboard */ = {
			isa = PBXVariantGroup;
			children = (
				BC10E74C265365DC00379F1D /* Base */,
			);
			name = Main.storyboard;
			sourceTree = "<group>";
		};
		BC10E750265365DD00379F1D /* LaunchScreen.storyboard */ = {
			isa = PBXVariantGroup;
			children = (
				BC10E751265365DD00379F1D /* Base */,
			);
			name = LaunchScreen.storyboard;
			sourceTree = "<group>";
		};
/* End PBXVariantGroup section */

/* Begin XCBuildConfiguration section */
		BC10E754265365DD00379F1D /* Debug */ = {
			isa = XCBuildConfiguration;
			buildSettings = {
				ALWAYS_SEARCH_USER_PATHS = NO;
				CLANG_ANALYZER_NONNULL = YES;
				CLANG_ANALYZER_NUMBER_OBJECT_CONVERSION = YES_AGGRESSIVE;
				CLANG_CXX_LANGUAGE_STANDARD = "gnu++14";
				CLANG_CXX_LIBRARY = "libc++";
				CLANG_ENABLE_MODULES = YES;
				CLANG_ENABLE_OBJC_ARC = YES;
				CLANG_ENABLE_OBJC_WEAK = YES;
				CLANG_WARN_BLOCK_CAPTURE_AUTORELEASING = YES;
				CLANG_WARN_BOOL_CONVERSION = YES;
				CLANG_WARN_COMMA = YES;
				CLANG_WARN_CONSTANT_CONVERSION = YES;
				CLANG_WARN_DEPRECATED_OBJC_IMPLEMENTATIONS = YES;
				CLANG_WARN_DIRECT_OBJC_ISA_USAGE = YES_ERROR;
				CLANG_WARN_DOCUMENTATION_COMMENTS = YES;
				CLANG_WARN_EMPTY_BODY = YES;
				CLANG_WARN_ENUM_CONVERSION = YES;
				CLANG_WARN_INFINITE_RECURSION = YES;
				CLANG_WARN_INT_CONVERSION = YES;
				CLANG_WARN_NON_LITERAL_NULL_CONVERSION = YES;
				CLANG_WARN_OBJC_IMPLICIT_RETAIN_SELF = YES;
				CLANG_WARN_OBJC_LITERAL_CONVERSION = YES;
				CLANG_WARN_OBJC_ROOT_CLASS = YES_ERROR;
				CLANG_WARN_QUOTED_INCLUDE_IN_FRAMEWORK_HEADER = YES;
				CLANG_WARN_RANGE_LOOP_ANALYSIS = YES;
				CLANG_WARN_STRICT_PROTOTYPES = YES;
				CLANG_WARN_SUSPICIOUS_MOVE = YES;
				CLANG_WARN_UNGUARDED_AVAILABILITY = YES_AGGRESSIVE;
				CLANG_WARN_UNREACHABLE_CODE = YES;
				CLANG_WARN__DUPLICATE_METHOD_MATCH = YES;
				COPY_PHASE_STRIP = NO;
				DEBUG_INFORMATION_FORMAT = dwarf;
				ENABLE_STRICT_OBJC_MSGSEND = YES;
				ENABLE_TESTABILITY = YES;
				GCC_C_LANGUAGE_STANDARD = gnu11;
				GCC_DYNAMIC_NO_PIC = NO;
				GCC_NO_COMMON_BLOCKS = YES;
				GCC_OPTIMIZATION_LEVEL = 0;
				GCC_PREPROCESSOR_DEFINITIONS = (
					"DEBUG=1",
					"$(inherited)",
				);
				GCC_WARN_64_TO_32_BIT_CONVERSION = YES;
				GCC_WARN_ABOUT_RETURN_TYPE = YES_ERROR;
				GCC_WARN_UNDECLARED_SELECTOR = YES;
				GCC_WARN_UNINITIALIZED_AUTOS = YES_AGGRESSIVE;
				GCC_WARN_UNUSED_FUNCTION = YES;
				GCC_WARN_UNUSED_VARIABLE = YES;
				IPHONEOS_DEPLOYMENT_TARGET = 14.5;
				MTL_ENABLE_DEBUG_INFO = INCLUDE_SOURCE;
				MTL_FAST_MATH = YES;
				ONLY_ACTIVE_ARCH = YES;
				SDKROOT = iphoneos;
				SWIFT_ACTIVE_COMPILATION_CONDITIONS = DEBUG;
				SWIFT_OPTIMIZATION_LEVEL = "-Onone";
			};
			name = Debug;
		};
		BC10E755265365DD00379F1D /* Release */ = {
			isa = XCBuildConfiguration;
			buildSettings = {
				ALWAYS_SEARCH_USER_PATHS = NO;
				CLANG_ANALYZER_NONNULL = YES;
				CLANG_ANALYZER_NUMBER_OBJECT_CONVERSION = YES_AGGRESSIVE;
				CLANG_CXX_LANGUAGE_STANDARD = "gnu++14";
				CLANG_CXX_LIBRARY = "libc++";
				CLANG_ENABLE_MODULES = YES;
				CLANG_ENABLE_OBJC_ARC = YES;
				CLANG_ENABLE_OBJC_WEAK = YES;
				CLANG_WARN_BLOCK_CAPTURE_AUTORELEASING = YES;
				CLANG_WARN_BOOL_CONVERSION = YES;
				CLANG_WARN_COMMA = YES;
				CLANG_WARN_CONSTANT_CONVERSION = YES;
				CLANG_WARN_DEPRECATED_OBJC_IMPLEMENTATIONS = YES;
				CLANG_WARN_DIRECT_OBJC_ISA_USAGE = YES_ERROR;
				CLANG_WARN_DOCUMENTATION_COMMENTS = YES;
				CLANG_WARN_EMPTY_BODY = YES;
				CLANG_WARN_ENUM_CONVERSION = YES;
				CLANG_WARN_INFINITE_RECURSION = YES;
				CLANG_WARN_INT_CONVERSION = YES;
				CLANG_WARN_NON_LITERAL_NULL_CONVERSION = YES;
				CLANG_WARN_OBJC_IMPLICIT_RETAIN_SELF = YES;
				CLANG_WARN_OBJC_LITERAL_CONVERSION = YES;
				CLANG_WARN_OBJC_ROOT_CLASS = YES_ERROR;
				CLANG_WARN_QUOTED_INCLUDE_IN_FRAMEWORK_HEADER = YES;
				CLANG_WARN_RANGE_LOOP_ANALYSIS = YES;
				CLANG_WARN_STRICT_PROTOTYPES = YES;
				CLANG_WARN_SUSPICIOUS_MOVE = YES;
				CLANG_WARN_UNGUARDED_AVAILABILITY = YES_AGGRESSIVE;
				CLANG_WARN_UNREACHABLE_CODE = YES;
				CLANG_WARN__DUPLICATE_METHOD_MATCH = YES;
				COPY_PHASE_STRIP = NO;
				DEBUG_INFORMATION_FORMAT = "dwarf-with-dsym";
				ENABLE_NS_ASSERTIONS = NO;
				ENABLE_STRICT_OBJC_MSGSEND = YES;
				GCC_C_LANGUAGE_STANDARD = gnu11;
				GCC_NO_COMMON_BLOCKS = YES;
				GCC_WARN_64_TO_32_BIT_CONVERSION = YES;
				GCC_WARN_ABOUT_RETURN_TYPE = YES_ERROR;
				GCC_WARN_UNDECLARED_SELECTOR = YES;
				GCC_WARN_UNINITIALIZED_AUTOS = YES_AGGRESSIVE;
				GCC_WARN_UNUSED_FUNCTION = YES;
				GCC_WARN_UNUSED_VARIABLE = YES;
				IPHONEOS_DEPLOYMENT_TARGET = 14.5;
				MTL_ENABLE_DEBUG_INFO = NO;
				MTL_FAST_MATH = YES;
				SDKROOT = iphoneos;
				SWIFT_COMPILATION_MODE = wholemodule;
				SWIFT_OPTIMIZATION_LEVEL = "-O";
				VALIDATE_PRODUCT = YES;
			};
			name = Release;
		};
		BC10E757265365DD00379F1D /* Debug */ = {
			isa = XCBuildConfiguration;
			buildSettings = {
				ASSETCATALOG_COMPILER_APPICON_NAME = AppIcon;
				ASSETCATALOG_COMPILER_GLOBAL_ACCENT_COLOR_NAME = AccentColor;
				CODE_SIGN_STYLE = Automatic;
				INFOPLIST_FILE = custom_TabBar/Info.plist;
				LD_RUNPATH_SEARCH_PATHS = (
					"$(inherited)",
					"@executable_path/Frameworks",
				);
				PRODUCT_BUNDLE_IDENTIFIER = "byeong.custom-TabBar";
				PRODUCT_NAME = "$(TARGET_NAME)";
				SWIFT_VERSION = 5.0;
				TARGETED_DEVICE_FAMILY = "1,2";
			};
			name = Debug;
		};
		BC10E758265365DD00379F1D /* Release */ = {
			isa = XCBuildConfiguration;
			buildSettings = {
				ASSETCATALOG_COMPILER_APPICON_NAME = AppIcon;
				ASSETCATALOG_COMPILER_GLOBAL_ACCENT_COLOR_NAME = AccentColor;
				CODE_SIGN_STYLE = Automatic;
				INFOPLIST_FILE = custom_TabBar/Info.plist;
				LD_RUNPATH_SEARCH_PATHS = (
					"$(inherited)",
					"@executable_path/Frameworks",
				);
				PRODUCT_BUNDLE_IDENTIFIER = "byeong.custom-TabBar";
				PRODUCT_NAME = "$(TARGET_NAME)";
				SWIFT_VERSION = 5.0;
				TARGETED_DEVICE_FAMILY = "1,2";
			};
			name = Release;
		};
/* End XCBuildConfiguration section */

/* Begin XCConfigurationList section */
		BC10E73D265365DC00379F1D /* Build configuration list for PBXProject "custom_TabBar" */ = {
			isa = XCConfigurationList;
			buildConfigurations = (
				BC10E754265365DD00379F1D /* Debug */,
				BC10E755265365DD00379F1D /* Release */,
			);
			defaultConfigurationIsVisible = 0;
			defaultConfigurationName = Release;
		};
		BC10E756265365DD00379F1D /* Build configuration list for PBXNativeTarget "custom_TabBar" */ = {
			isa = XCConfigurationList;
			buildConfigurations = (
				BC10E757265365DD00379F1D /* Debug */,
				BC10E758265365DD00379F1D /* Release */,
			);
			defaultConfigurationIsVisible = 0;
			defaultConfigurationName = Release;
		};
/* End XCConfigurationList section */
	};
	rootObject = BC10E73A265365DC00379F1D /* Project object */;
}
